%{
  "artificery": {:hex, :artificery, "0.2.6", "f602909757263f7897130cbd006b0e40514a541b148d366ad65b89236b93497a", [:mix], [], "hexpm", "8c35d7b6c53c2e413537f6bc33c937fd7444d6b5cd84e236ac104cf4c3c0f9fe"},
  "bamboo": {:hex, :bamboo, "1.2.0", "8aebd24f7c606c32d0163c398004a11608ca1028182a169b2e527793bfab7561", [:mix], [{:hackney, ">= 1.13.0", [hex: :hackney, repo: "hexpm", optional: false]}, {:plug, "~> 1.0", [hex: :plug, repo: "hexpm", optional: false]}, {:poison, ">= 1.5.0", [hex: :poison, repo: "hexpm", optional: true]}], "hexpm", "2430bcb5098c84aa30b4861c79b0f98d8af2fc11dfda4a5ec963e7ccf76bfcc5"},
  "bamboo_smtp": {:hex, :bamboo_smtp, "1.6.0", "0a3607b77f22554af58c547350c1c73ebba6f4fb2c4bd0b11713ab5b4081588f", [:mix], [{:bamboo, "~> 1.0", [hex: :bamboo, repo: "hexpm", optional: false]}, {:gen_smtp, "~> 0.12.0", [hex: :gen_smtp, repo: "hexpm", optional: false]}], "hexpm", "c7eda465c5dac2c4546ff17759ae8903af5d3fda522c8310ba64e7240463a86c"},
  "briefly": {:hex, :briefly, "0.3.0", "16e6b76d2070ebc9cbd025fa85cf5dbaf52368c4bd896fb482b5a6b95a540c2f", [:mix], [], "hexpm", "c6ebf8fc3dcd4950dd10c03e953fb4f553a8bcf0ff4c8c40d71542434cd7e046"},
  "bunt": {:hex, :bunt, "0.2.0", "951c6e801e8b1d2cbe58ebbd3e616a869061ddadcc4863d0a2182541acae9a38", [:mix], [], "hexpm", "7af5c7e09fe1d40f76c8e4f9dd2be7cebd83909f31fee7cd0e9eadc567da8353"},
  "certifi": {:hex, :certifi, "2.4.2", "75424ff0f3baaccfd34b1214184b6ef616d89e420b258bb0a5ea7d7bc628f7f0", [:rebar3], [{:parse_trans, "~>3.3", [hex: :parse_trans, repo: "hexpm", optional: false]}], "hexpm", "01d479edba0569a7b7a2c8bf923feeb6dc6a358edc2965ef69aea9ba288bb243"},
  "combine": {:hex, :combine, "0.10.0", "eff8224eeb56498a2af13011d142c5e7997a80c8f5b97c499f84c841032e429f", [:mix], [], "hexpm", "1b1dbc1790073076580d0d1d64e42eae2366583e7aecd455d1215b0d16f2451b"},
  "connection": {:hex, :connection, "1.0.4", "a1cae72211f0eef17705aaededacac3eb30e6625b04a6117c1b2db6ace7d5976", [:mix], [], "hexpm", "4a0850c9be22a43af9920a71ab17c051f5f7d45c209e40269a1938832510e4d9"},
  "cowboy": {:hex, :cowboy, "1.1.2", "61ac29ea970389a88eca5a65601460162d370a70018afe6f949a29dca91f3bb0", [:rebar3], [{:cowlib, "~> 1.0.2", [hex: :cowlib, repo: "hexpm", optional: false]}, {:ranch, "~> 1.3.2", [hex: :ranch, repo: "hexpm", optional: false]}], "hexpm", "f4763bbe08233eceed6f24bc4fcc8d71c17cfeafa6439157c57349aa1bb4f17c"},
  "cowlib": {:hex, :cowlib, "1.0.2", "9d769a1d062c9c3ac753096f868ca121e2730b9a377de23dec0f7e08b1df84ee", [:make], [], "hexpm", "db622da03aa039e6366ab953e31186cc8190d32905e33788a1acb22744e6abd2"},
  "credo": {:hex, :credo, "0.10.0", "66234a95effaf9067edb19fc5d0cd5c6b461ad841baac42467afed96c78e5e9e", [:mix], [{:bunt, "~> 0.2.0", [hex: :bunt, repo: "hexpm", optional: false]}, {:jason, "~> 1.0", [hex: :jason, repo: "hexpm", optional: false]}], "hexpm", "893f53d5a5cb0bb6f96bde8732c20376e24be208fa052bdefd49119f77b64df6"},
  "crontab": {:hex, :crontab, "1.1.5", "2c9439506ceb0e9045de75879e994b88d6f0be88bfe017d58cb356c66c4a5482", [:mix], [{:ecto, "~> 1.0 or ~> 2.0 or ~> 3.0", [hex: :ecto, repo: "hexpm", optional: true]}], "hexpm", "be38e047e84bfcee40b60c365fe086dc8b3419efdf7baef9fcca6285bbcf9d00"},
  "db_connection": {:hex, :db_connection, "1.1.3", "89b30ca1ef0a3b469b1c779579590688561d586694a3ce8792985d4d7e575a61", [:mix], [{:connection, "~> 1.0.2", [hex: :connection, repo: "hexpm", optional: false]}, {:poolboy, "~> 1.5", [hex: :poolboy, repo: "hexpm", optional: true]}, {:sbroker, "~> 1.0", [hex: :sbroker, repo: "hexpm", optional: true]}], "hexpm", "5f0a16a58312a610d5eb0b07506280c65f5137868ad479045f2a2dc4ced80550"},
  "decimal": {:hex, :decimal, "1.5.0", "b0433a36d0e2430e3d50291b1c65f53c37d56f83665b43d79963684865beab68", [:mix], [], "hexpm", "130926580655f34d759dd25f5d723fd233c9bbe0399cde57e2a1adea9ed92e08"},
  "distillery": {:hex, :distillery, "2.0.11", "9259399cb64c88e2df6bbaef29e09b0a81d16d0155203ebf65c6be7b95f7b744", [:mix], [{:artificery, "~> 0.2", [hex: :artificery, repo: "hexpm", optional: false]}], "hexpm", "0086b8e0735aa3f9134de1b83d9994342af94c0a9b10f0bc03776d4684b515c9"},
  "earmark": {:hex, :earmark, "1.2.3", "206eb2e2ac1a794aa5256f3982de7a76bf4579ff91cb28d0e17ea2c9491e46a4", [:mix], [], "hexpm", "3b1dcad3067985dd8618c38399a8ee9c4e652d52a17a4aae7a6d6fc4fcc24856"},
  "ecto": {:hex, :ecto, "2.2.10", "e7366dc82f48f8dd78fcbf3ab50985ceeb11cb3dc93435147c6e13f2cda0992e", [:mix], [{:db_connection, "~> 1.1", [hex: :db_connection, repo: "hexpm", optional: true]}, {:decimal, "~> 1.2", [hex: :decimal, repo: "hexpm", optional: false]}, {:mariaex, "~> 0.8.0", [hex: :mariaex, repo: "hexpm", optional: true]}, {:poison, "~> 2.2 or ~> 3.0", [hex: :poison, repo: "hexpm", optional: true]}, {:poolboy, "~> 1.5", [hex: :poolboy, repo: "hexpm", optional: false]}, {:postgrex, "~> 0.13.0", [hex: :postgrex, repo: "hexpm", optional: true]}, {:sbroker, "~> 1.0", [hex: :sbroker, repo: "hexpm", optional: true]}], "hexpm", "dbd3da2931dc3f82595143640a950d96faee6b887f84ed61a9c03e4070cba1df"},
  "elixir_uuid": {:hex, :elixir_uuid, "1.2.0", "ff26e938f95830b1db152cb6e594d711c10c02c6391236900ddd070a6b01271d", [:mix], [], "hexpm", "e4d6e26434471761ed45a3545239da87af7b70904dd4442a55f87d06b137c56b"},
  "ex_aws": {:hex, :ex_aws, "1.1.5", "789173f385934f7e27f9ef36692a6c5f7dde06fd6e6f64d4cd92cda613d34bf9", [:mix], [{:configparser_ex, "~> 0.2.1", [hex: :configparser_ex, repo: "hexpm", optional: true]}, {:hackney, "1.6.3 or 1.6.5 or 1.7.1 or 1.8.6 or ~> 1.9", [hex: :hackney, repo: "hexpm", optional: true]}, {:jsx, "~> 2.8", [hex: :jsx, repo: "hexpm", optional: true]}, {:poison, ">= 1.2.0", [hex: :poison, repo: "hexpm", optional: true]}, {:sweet_xml, "~> 0.6", [hex: :sweet_xml, repo: "hexpm", optional: true]}, {:xml_builder, "~> 0.1.0", [hex: :xml_builder, repo: "hexpm", optional: true]}], "hexpm", "c10022994e27cfff12be319a388bc1f3f7ebd9350a14f4ce1924c6f35f8b4183"},
  "ex_machina": {:hex, :ex_machina, "2.1.0", "4874dc9c78e7cf2d429f24dc3c4005674d4e4da6a08be961ffccc08fb528e28b", [:mix], [{:ecto, "~> 2.1", [hex: :ecto, repo: "hexpm", optional: true]}], "hexpm", "ca29e3c45f0fe9233f9a0c47d43221ae141d804e9777fc276b84cdc401d3e561"},
  "exq": {:hex, :exq, "0.12.2", "7f4557a13a7fcfb159b318ee3275a1f2c38a572847d4cf8d47e303a15d0807b4", [:mix], [{:elixir_uuid, ">= 1.2.0", [hex: :elixir_uuid, repo: "hexpm", optional: false]}, {:poison, ">= 1.2.0 or ~> 2.0", [hex: :poison, repo: "hexpm", optional: false]}, {:redix, ">= 0.5.0 and < 0.8.0", [hex: :redix, repo: "hexpm", optional: false]}], "hexpm", "fbdfb234158dd7a4d0ffe581fd5665b497cbf35f5ef8ea1ac6926feaa45a5d9f"},
  "exq_ui": {:hex, :exq_ui, "0.9.0", "e97e9fa9009f30d2926b51a166e40a3a521e83f61f3f333fede8335b2aa57f09", [:mix], [{:cowboy, "~> 1.0", [hex: :cowboy, repo: "hexpm", optional: false]}, {:exq, "~> 0.9", [hex: :exq, repo: "hexpm", optional: false]}, {:plug, ">= 0.8.1 and < 2.0.0", [hex: :plug, repo: "hexpm", optional: false]}], "hexpm", "e63bad042019326b76954e835dac02b74bc3f8bb5e8c7a2ce5eb42a0728a2b63"},
  "file_system": {:hex, :file_system, "0.2.2", "7f1e9de4746f4eb8a4ca8f2fbab582d84a4e40fa394cce7bfcb068b988625b06", [:mix], [], "hexpm", "fbc47d9c9d367343b5c0bc24fb8df83043ed5c534a823d64b3c4ec3365ec5475"},
  "gen_smtp": {:hex, :gen_smtp, "0.12.0", "97d44903f5ca18ca85cb39aee7d9c77e98d79804bbdef56078adcf905cb2ef00", [:rebar3], [], "hexpm", "7b4d2e5338f98518414bae6b85d2be51d6715c6f2695c7967567af5426bf00e5"},
  "gen_stage": {:hex, :gen_stage, "0.14.1", "9d46723fda072d4f4bb31a102560013f7960f5d80ea44dcb96fd6304ed61e7a4", [:mix], [], "hexpm", "967dd5f2469ba77a8a54eef247c0f08a022f89b627a5b121b18cd224a513042f"},
  "gen_state_machine": {:hex, :gen_state_machine, "2.0.4", "cc31749b8ee50d42c8db7d96c85637c4c9fdc7a007145c8aa2f371c89148a6ca", [:mix], [], "hexpm", "e0a71b5242ef1c0b298e839443bac3d436cbd3eb702e302657123701dafac364"},
  "gettext": {:hex, :gettext, "0.13.1", "5e0daf4e7636d771c4c71ad5f3f53ba09a9ae5c250e1ab9c42ba9edccc476263", [:mix], [], "hexpm", "b233b4ab0d349a359b52592d2d591fc6e4b20fdbe0b15a624cc15a3ca509a1cc"},
  "hackney": {:hex, :hackney, "1.15.0", "287a5d2304d516f63e56c469511c42b016423bcb167e61b611f6bad47e3ca60e", [:rebar3], [{:certifi, "2.4.2", [hex: :certifi, repo: "hexpm", optional: false]}, {:idna, "6.0.0", [hex: :idna, repo: "hexpm", optional: false]}, {:metrics, "1.0.1", [hex: :metrics, repo: "hexpm", optional: false]}, {:mimerl, "1.0.2", [hex: :mimerl, repo: "hexpm", optional: false]}, {:ssl_verify_fun, "1.1.4", [hex: :ssl_verify_fun, repo: "hexpm", optional: false]}], "hexpm", "b69d97134f1876ba8e4e2f405e9da8cba7cf4f2da0b7cc24a5ccef8dcf1b46b2"},
  "html_sanitize_ex": {:hex, :html_sanitize_ex, "1.3.0", "f005ad692b717691203f940c686208aa3d8ffd9dd4bb3699240096a51fa9564e", [:mix], [{:mochiweb, "~> 2.15", [hex: :mochiweb, repo: "hexpm", optional: false]}], "hexpm", "abfb393ad888d57700f4d0f119c2643c8a9d98856f9b8a92001be7efad1419d6"},
  "idna": {:hex, :idna, "6.0.0", "689c46cbcdf3524c44d5f3dde8001f364cd7608a99556d8fbd8239a5798d4c10", [:rebar3], [{:unicode_util_compat, "0.4.1", [hex: :unicode_util_compat, repo: "hexpm", optional: false]}], "hexpm", "4bdd305eb64e18b0273864920695cb18d7a2021f31a11b9c5fbcd9a253f936e2"},
  "inflex": {:hex, :inflex, "1.9.0", "2bef01a84437bca0a12fc107821ae7771b0ba847dccab5d1cd61f35972e66813", [:mix], [], "hexpm", "61cf02621082aca62cb44232a754ea3d4207aa0d3b88d16044ed00087079ed3b"},
  "jason": {:hex, :jason, "1.1.1", "d3ccb840dfb06f2f90a6d335b536dd074db748b3e7f5b11ab61d239506585eb2", [:mix], [{:decimal, "~> 1.0", [hex: :decimal, repo: "hexpm", optional: true]}], "hexpm", "639645cfac325e34938167b272bae0791fea3a34cf32c29525abf1d323ed4c18"},
  "libring": {:hex, :libring, "1.4.0", "41246ba2f3fbc76b3971f6bce83119dfec1eee17e977a48d8a9cfaaf58c2a8d6", [:mix], [], "hexpm", "1feaf05ee886815ad047cad7ede17d6910710986148ae09cf73eee2989717b81"},
  "metrics": {:hex, :metrics, "1.0.1", "25f094dea2cda98213cecc3aeff09e940299d950904393b2a29d191c346a8486", [:rebar3], [], "hexpm", "69b09adddc4f74a40716ae54d140f93beb0fb8978d8636eaded0c31b6f099f16"},
  "mime": {:hex, :mime, "1.3.1", "30ce04ab3175b6ad0bdce0035cba77bba68b813d523d1aac73d9781b4d193cf8", [:mix], [], "hexpm", "6cbe761d6a0ca5a31a0931bf4c63204bceb64538e664a8ecf784a9a6f3b875f1"},
  "mimerl": {:hex, :mimerl, "1.0.2", "993f9b0e084083405ed8252b99460c4f0563e41729ab42d9074fd5e52439be88", [:rebar3], [], "hexpm", "7a4c8e1115a2732a67d7624e28cf6c9f30c66711a9e92928e745c255887ba465"},
  "mochiweb": {:hex, :mochiweb, "2.18.0", "eb55f1db3e6e960fac4e6db4e2db9ec3602cc9f30b86cd1481d56545c3145d2e", [:rebar3], [], "hexpm", "b93e2b1e564bdbadfecc297277f9e6d0902da645b417d6c9210f6038ac63489a"},
  "parse_trans": {:hex, :parse_trans, "3.3.0", "09765507a3c7590a784615cfd421d101aec25098d50b89d7aa1d66646bc571c1", [:rebar3], [], "hexpm", "17ef63abde837ad30680ea7f857dd9e7ced9476cdd7b0394432af4bfc241b960"},
  "phoenix": {:hex, :phoenix, "1.3.4", "aaa1b55e5523083a877bcbe9886d9ee180bf2c8754905323493c2ac325903dc5", [:mix], [{:cowboy, "~> 1.0", [hex: :cowboy, repo: "hexpm", optional: true]}, {:phoenix_pubsub, "~> 1.0", [hex: :phoenix_pubsub, repo: "hexpm", optional: false]}, {:plug, "~> 1.3.3 or ~> 1.4", [hex: :plug, repo: "hexpm", optional: false]}, {:poison, "~> 2.2 or ~> 3.0", [hex: :poison, repo: "hexpm", optional: false]}], "hexpm", "f9eb4926aaad604c5ee4051f462f5981828fb559691236d71f7fb07ac4a0532d"},
  "phoenix_ecto": {:hex, :phoenix_ecto, "3.4.0", "91cd39427006fe4b5588d69f0941b9c3d3d8f5e6477c563a08379de7de2b0c58", [:mix], [{:ecto, "~> 2.1", [hex: :ecto, repo: "hexpm", optional: false]}, {:phoenix_html, "~> 2.9", [hex: :phoenix_html, repo: "hexpm", optional: true]}, {:plug, "~> 1.0", [hex: :plug, repo: "hexpm", optional: false]}], "hexpm", "0c3396af7d3cff31ca40b9b06c5affd6e1fcacaf56e1c46e466620e876c242f8"},
  "phoenix_html": {:hex, :phoenix_html, "2.12.0", "1fb3c2e48b4b66d75564d8d63df6d53655469216d6b553e7e14ced2b46f97622", [:mix], [{:plug, "~> 1.5", [hex: :plug, repo: "hexpm", optional: false]}], "hexpm", "8bc079e2092f4447c8c75029b297cfc3256b8aa46dff02a16eaf1ade5eae96f6"},
  "phoenix_live_reload": {:hex, :phoenix_live_reload, "1.1.3", "1d178429fc8950b12457d09c6afec247bfe1fcb6f36209e18fbb0221bdfe4d41", [:mix], [{:file_system, "~> 0.2.1 or ~> 0.3", [hex: :file_system, repo: "hexpm", optional: false]}, {:phoenix, "~> 1.0 or ~> 1.2 or ~> 1.3", [hex: :phoenix, repo: "hexpm", optional: false]}], "hexpm", "505df5f9e7eed4124b0a3372e2ca55728f1ae700f1867240daa533b82ee12f67"},
  "phoenix_markdown": {:hex, :phoenix_markdown, "0.1.4", "246727d998997c6b90374a678bbdca5b300dcbbfecb29dbcca8a7891751f6cd5", [:mix], [{:earmark, "~> 1.1", [hex: :earmark, repo: "hexpm", optional: false]}, {:phoenix, "~> 1.1", [hex: :phoenix, repo: "hexpm", optional: false]}, {:phoenix_html, "~> 2.3", [hex: :phoenix_html, repo: "hexpm", optional: false]}], "hexpm", "f977a1286c8df96174cb0ab1b928352098b8cfe6d07d4ac42efd21f931e9877c"},
  "phoenix_pubsub": {:hex, :phoenix_pubsub, "1.1.0", "d55e25ff1ff8ea2f9964638366dfd6e361c52dedfd50019353598d11d4441d14", [:mix], [], "hexpm", "9642a12e2a8dd29ec7c44b6e61df84b72aa2ff9463ee8a7a08ae3b652ce8a9ea"},
  "plug": {:hex, :plug, "1.7.1", "8516d565fb84a6a8b2ca722e74e2cd25ca0fc9d64f364ec9dbec09d33eb78ccd", [:mix], [{:mime, "~> 1.0", [hex: :mime, repo: "hexpm", optional: false]}, {:plug_crypto, "~> 1.0", [hex: :plug_crypto, repo: "hexpm", optional: false]}], "hexpm", "daa5fee4209c12c3c48b05a96cf88c320b627c9575f987554dcdc1fdcdf2c15e"},
  "plug_cowboy": {:hex, :plug_cowboy, "1.0.0", "2e2a7d3409746d335f451218b8bb0858301c3de6d668c3052716c909936eb57a", [:mix], [{:cowboy, "~> 1.0", [hex: :cowboy, repo: "hexpm", optional: false]}, {:plug, "~> 1.7", [hex: :plug, repo: "hexpm", optional: false]}], "hexpm", "01d201427a8a1f4483be2465a98b45f5e82263327507fe93404a61c51eb9e9a8"},
  "plug_crypto": {:hex, :plug_crypto, "1.0.0", "18e49317d3fa343f24620ed22795ec29d4a5e602d52d1513ccea0b07d8ea7d4d", [:mix], [], "hexpm", "73c1682f0e414cfb5d9b95c8e8cd6ffcfdae699e3b05e1db744e58b7be857759"},
  "poison": {:hex, :poison, "3.1.0", "d9eb636610e096f86f25d9a46f35a9facac35609a7591b3be3326e99a0484665", [:mix], [], "hexpm", "fec8660eb7733ee4117b85f55799fd3833eb769a6df71ccf8903e8dc5447cfce"},
  "poolboy": {:hex, :poolboy, "1.5.1", "6b46163901cfd0a1b43d692657ed9d7e599853b3b21b95ae5ae0a777cf9b6ca8", [:rebar], [], "hexpm", "8f7168911120e13419e086e78d20e4d1a6776f1eee2411ac9f790af10813389f"},
  "postgrex": {:hex, :postgrex, "0.13.5", "3d931aba29363e1443da167a4b12f06dcd171103c424de15e5f3fc2ba3e6d9c5", [:mix], [{:connection, "~> 1.0", [hex: :connection, repo: "hexpm", optional: false]}, {:db_connection, "~> 1.1", [hex: :db_connection, repo: "hexpm", optional: false]}, {:decimal, "~> 1.0", [hex: :decimal, repo: "hexpm", optional: false]}], "hexpm", "a19b61193379cdee04b5b2361bf93d1eb170cd2eec0b18042617b07e1e15fbfb"},
  "quantum": {:hex, :quantum, "2.3.3", "83f565de81ac43b8fda4dd4266b209eaed29545d1c41e17aa6b75b08736c80f6", [:mix], [{:calendar, "~> 0.17", [hex: :calendar, repo: "hexpm", optional: true]}, {:crontab, "~> 1.1", [hex: :crontab, repo: "hexpm", optional: false]}, {:gen_stage, "~> 0.12", [hex: :gen_stage, repo: "hexpm", optional: false]}, {:swarm, "~> 3.3", [hex: :swarm, repo: "hexpm", optional: false]}, {:timex, "~> 3.1", [hex: :timex, repo: "hexpm", optional: true]}], "hexpm", "01a63089a17f00f360ddad6c2f068c26d4e280999c2a6c2bce170d0bd6b2bd2e"},
  "ranch": {:hex, :ranch, "1.3.2", "e4965a144dc9fbe70e5c077c65e73c57165416a901bd02ea899cfd95aa890986", [:rebar3], [], "hexpm", "6e56493a862433fccc3aca3025c946d6720d8eedf6e3e6fb911952a7071c357f"},
  "redix": {:hex, :redix, "0.7.1", "25a6c1c0d9b2d12a35aef759f9e49bd9bca00e0cd857ce766412f08fdda72163", [:mix], [{:connection, "~> 1.0", [hex: :connection, repo: "hexpm", optional: false]}], "hexpm", "ce1af78c59b35a598126f2aef56f7566535c5c5cb0ddd8d79c066218d7dd5e6a"},
  "scrivener": {:hex, :scrivener, "2.5.0", "e1f78c62b6806d91cc9c4778deef1ea4e80aa9fadfce2c16831afe0468cc8a2c", [:mix], [], "hexpm", "c3e484da6bb7084b5a24c7e38a8ca09310d5fbf5241db05f625fb8af557ef667"},
  "scrivener_ecto": {:hex, :scrivener_ecto, "1.3.0", "69698428e22810ac8a47abc12d1df5b2f5d8f6b36dc5d5bfe6dd93fde857c576", [:mix], [{:ecto, "~> 2.0", [hex: :ecto, repo: "hexpm", optional: false]}, {:postgrex, "~> 0.11.0 or ~> 0.12.0 or ~> 0.13.0", [hex: :postgrex, repo: "hexpm", optional: true]}, {:scrivener, "~> 2.4", [hex: :scrivener, repo: "hexpm", optional: false]}], "hexpm", "3a67401751861d758fc90bdf2cc145bf3d89711967db0e160ffd197037e92dc9"},
  "scrivener_html": {:hex, :scrivener_html, "1.7.1", "afa35128fb36184bc469e4531bb1ef61b2d91bb29e373157068c62332291485f", [:mix], [{:phoenix, "~> 1.0-pre and < 1.4.0", [hex: :phoenix, repo: "hexpm", optional: true]}, {:phoenix_html, "~> 2.2", [hex: :phoenix_html, repo: "hexpm", optional: false]}, {:plug, "~> 1.1", [hex: :plug, repo: "hexpm", optional: false]}, {:scrivener, "~> 1.2 or ~> 2.0", [hex: :scrivener, repo: "hexpm", optional: false]}], "hexpm", "053c33cca0fbe05b7fd0533135f1c3ae9e3bc1952af608426f4cde2c0f5e11e8"},
  "sentry": {:hex, :sentry, "6.4.2", "71b3cf8ce6dbf7816b8086eb8f221fd7fd71cefdbf7461094c628785cae6a67c", [:mix], [{:hackney, "~> 1.8 or 1.6.5", [hex: :hackney, repo: "hexpm", optional: false]}, {:phoenix, "~> 1.3", [hex: :phoenix, repo: "hexpm", optional: true]}, {:plug, "~> 1.6", [hex: :plug, repo: "hexpm", optional: true]}, {:poison, "~> 1.5 or ~> 2.0 or ~> 3.0", [hex: :poison, repo: "hexpm", optional: false]}], "hexpm", "79df09e9c93509a896e237f241e4f7493682d4a451ad165442ffa6edd0f4c9e4"},
  "ssl_verify_fun": {:hex, :ssl_verify_fun, "1.1.4", "f0eafff810d2041e93f915ef59899c923f4568f4585904d010387ed74988e77b", [:make, :mix, :rebar3], [], "hexpm", "603561dc0fd62f4f2ea9b890f4e20e1a0d388746d6e20557cafb1b16950de88c"},
  "swarm": {:hex, :swarm, "3.3.1", "b4d29c49310b92b4a84bd3be6a51d9616eaeda1899b7619201d0908d8d789bd8", [:mix], [{:gen_state_machine, "~> 2.0", [hex: :gen_state_machine, repo: "hexpm", optional: false]}, {:libring, "~> 1.0", [hex: :libring, repo: "hexpm", optional: false]}], "hexpm", "228dcaa2bbff0bf5a5e5bb4541cb0e2afcfc38afdd01f44e81912d2ad7a2e33b"},
  "timex": {:hex, :timex, "3.1.24", "d198ae9783ac807721cca0c5535384ebdf99da4976be8cefb9665a9262a1e9e3", [:mix], [{:combine, "~> 0.7", [hex: :combine, repo: "hexpm", optional: false]}, {:gettext, "~> 0.10", [hex: :gettext, repo: "hexpm", optional: false]}, {:tzdata, "~> 0.1.8 or ~> 0.5", [hex: :tzdata, repo: "hexpm", optional: false]}], "hexpm", "ca852258d788542c263b12dbf55375fe2ccf5674e7b20995e3d84d2d4412bc0f"},
  "timex_ecto": {:hex, :timex_ecto, "3.2.1", "461140751026e1ca03298fab628f78ab189e78784175f5e301eefa034ee530aa", [:mix], [{:ecto, "~> 2.2", [hex: :ecto, repo: "hexpm", optional: false]}, {:timex, "~> 3.1", [hex: :timex, repo: "hexpm", optional: false]}], "hexpm", "d1d4cabcfcc329012dee500870d1e4c990be142fd6098021ef96fbb7a520d47a"},
  "tzdata": {:hex, :tzdata, "0.5.13", "dfd6a10c1c9ed2b4c6493e35af5da6c37058c9578b2e413d37242d6943ed07d9", [:mix], [{:hackney, "~> 1.0", [hex: :hackney, repo: "hexpm", optional: false]}], "hexpm", "2ef5a3a4130b8c54c5cc720d0a6610e3c8a32a2b1a3a6905c7cce5785f53fa2e"},
  "unicode_util_compat": {:hex, :unicode_util_compat, "0.4.1", "d869e4c68901dd9531385bb0c8c40444ebf624e60b6962d95952775cac5e90cd", [:rebar3], [], "hexpm", "1d1848c40487cdb0b30e8ed975e34e025860c02e419cb615d255849f3427439d"},
  "uuid": {:hex, :uuid, "1.1.8", "e22fc04499de0de3ed1116b770c7737779f226ceefa0badb3592e64d5cfb4eb9", [:mix], [], "hexpm"},
}
