%{
  "bamboo": {:hex, :bamboo, "0.8.0", "573889a3efcb906bb9d25a1c4caa4ca22f479235e1b8cc3260d8b88dabeb4b14", [:mix], [{:hackney, "~> 1.6", [hex: :hackney, repo: "hexpm", optional: false]}, {:plug, "~> 1.0", [hex: :plug, repo: "hexpm", optional: false]}, {:poison, ">= 1.5.0", [hex: :poison, repo: "hexpm", optional: false]}], "hexpm"},
  "bamboo_smtp": {:hex, :bamboo_smtp, "1.4.0", "a01d91406f3a46b3452c84d345d50f75d6facca5e06337358287a97da0426240", [:mix], [{:bamboo, "~> 0.8.0", [hex: :bamboo, repo: "hexpm", optional: false]}, {:gen_smtp, "~> 0.12.0", [hex: :gen_smtp, repo: "hexpm", optional: false]}], "hexpm"},
  "briefly": {:hex, :briefly, "0.3.0", "16e6b76d2070ebc9cbd025fa85cf5dbaf52368c4bd896fb482b5a6b95a540c2f", [:mix], [], "hexpm"},
  "bunt": {:hex, :bunt, "0.2.0", "951c6e801e8b1d2cbe58ebbd3e616a869061ddadcc4863d0a2182541acae9a38", [:mix], [], "hexpm"},
  "certifi": {:hex, :certifi, "2.3.1", "d0f424232390bf47d82da8478022301c561cf6445b5b5fb6a84d49a9e76d2639", [:rebar3], [{:parse_trans, "3.2.0", [hex: :parse_trans, repo: "hexpm", optional: false]}], "hexpm"},
  "combine": {:hex, :combine, "0.10.0", "eff8224eeb56498a2af13011d142c5e7997a80c8f5b97c499f84c841032e429f", [:mix], [], "hexpm"},
  "connection": {:hex, :connection, "1.0.4", "a1cae72211f0eef17705aaededacac3eb30e6625b04a6117c1b2db6ace7d5976", [:mix], [], "hexpm"},
  "cowboy": {:hex, :cowboy, "1.1.2", "61ac29ea970389a88eca5a65601460162d370a70018afe6f949a29dca91f3bb0", [:rebar3], [{:cowlib, "~> 1.0.2", [hex: :cowlib, repo: "hexpm", optional: false]}, {:ranch, "~> 1.3.2", [hex: :ranch, repo: "hexpm", optional: false]}], "hexpm"},
  "cowlib": {:hex, :cowlib, "1.0.2", "9d769a1d062c9c3ac753096f868ca121e2730b9a377de23dec0f7e08b1df84ee", [:make], [], "hexpm"},
  "credo": {:hex, :credo, "0.10.0", "66234a95effaf9067edb19fc5d0cd5c6b461ad841baac42467afed96c78e5e9e", [:mix], [{:bunt, "~> 0.2.0", [hex: :bunt, repo: "hexpm", optional: false]}, {:jason, "~> 1.0", [hex: :jason, repo: "hexpm", optional: false]}], "hexpm"},
  "db_connection": {:hex, :db_connection, "1.1.3", "89b30ca1ef0a3b469b1c779579590688561d586694a3ce8792985d4d7e575a61", [:mix], [{:connection, "~> 1.0.2", [hex: :connection, repo: "hexpm", optional: false]}, {:poolboy, "~> 1.5", [hex: :poolboy, repo: "hexpm", optional: true]}, {:sbroker, "~> 1.0", [hex: :sbroker, repo: "hexpm", optional: true]}], "hexpm"},
  "decimal": {:hex, :decimal, "1.5.0", "b0433a36d0e2430e3d50291b1c65f53c37d56f83665b43d79963684865beab68", [:mix], [], "hexpm"},
  "earmark": {:hex, :earmark, "1.2.3", "206eb2e2ac1a794aa5256f3982de7a76bf4579ff91cb28d0e17ea2c9491e46a4", [:mix], [], "hexpm"},
  "ecto": {:hex, :ecto, "2.2.10", "e7366dc82f48f8dd78fcbf3ab50985ceeb11cb3dc93435147c6e13f2cda0992e", [:mix], [{:db_connection, "~> 1.1", [hex: :db_connection, repo: "hexpm", optional: true]}, {:decimal, "~> 1.2", [hex: :decimal, repo: "hexpm", optional: false]}, {:mariaex, "~> 0.8.0", [hex: :mariaex, repo: "hexpm", optional: true]}, {:poison, "~> 2.2 or ~> 3.0", [hex: :poison, repo: "hexpm", optional: true]}, {:poolboy, "~> 1.5", [hex: :poolboy, repo: "hexpm", optional: false]}, {:postgrex, "~> 0.13.0", [hex: :postgrex, repo: "hexpm", optional: true]}, {:sbroker, "~> 1.0", [hex: :sbroker, repo: "hexpm", optional: true]}], "hexpm"},
  "ex_aws": {:hex, :ex_aws, "1.1.5", "789173f385934f7e27f9ef36692a6c5f7dde06fd6e6f64d4cd92cda613d34bf9", [:mix], [{:configparser_ex, "~> 0.2.1", [hex: :configparser_ex, repo: "hexpm", optional: true]}, {:hackney, "1.6.3 or 1.6.5 or 1.7.1 or 1.8.6 or ~> 1.9", [hex: :hackney, repo: "hexpm", optional: true]}, {:jsx, "~> 2.8", [hex: :jsx, repo: "hexpm", optional: true]}, {:poison, ">= 1.2.0", [hex: :poison, repo: "hexpm", optional: true]}, {:sweet_xml, "~> 0.6", [hex: :sweet_xml, repo: "hexpm", optional: true]}, {:xml_builder, "~> 0.1.0", [hex: :xml_builder, repo: "hexpm", optional: true]}], "hexpm"},
  "ex_machina": {:hex, :ex_machina, "2.1.0", "4874dc9c78e7cf2d429f24dc3c4005674d4e4da6a08be961ffccc08fb528e28b", [:mix], [{:ecto, "~> 2.1", [hex: :ecto, repo: "hexpm", optional: true]}], "hexpm"},
  "exq": {:hex, :exq, "0.9.1", "77ee12c117411ddddd9810aec714eaa704fb8f327949551d9efaea19606122c3", [:mix], [{:poison, ">= 1.2.0 or ~> 2.0", [hex: :poison, repo: "hexpm", optional: false]}, {:redix, ">= 0.5.0", [hex: :redix, repo: "hexpm", optional: false]}, {:uuid, ">= 1.1.0", [hex: :uuid, repo: "hexpm", optional: false]}], "hexpm"},
  "exq_ui": {:hex, :exq_ui, "0.9.0", "e97e9fa9009f30d2926b51a166e40a3a521e83f61f3f333fede8335b2aa57f09", [:mix], [{:cowboy, "~> 1.0", [hex: :cowboy, repo: "hexpm", optional: false]}, {:exq, "~> 0.9", [hex: :exq, repo: "hexpm", optional: false]}, {:plug, ">= 0.8.1 and < 2.0.0", [hex: :plug, repo: "hexpm", optional: false]}], "hexpm"},
  "file_system": {:hex, :file_system, "0.2.2", "7f1e9de4746f4eb8a4ca8f2fbab582d84a4e40fa394cce7bfcb068b988625b06", [:mix], [], "hexpm"},
  "gen_smtp": {:hex, :gen_smtp, "0.12.0", "97d44903f5ca18ca85cb39aee7d9c77e98d79804bbdef56078adcf905cb2ef00", [:rebar3], [], "hexpm"},
  "gettext": {:hex, :gettext, "0.13.1", "5e0daf4e7636d771c4c71ad5f3f53ba09a9ae5c250e1ab9c42ba9edccc476263", [:mix], [], "hexpm"},
  "hackney": {:hex, :hackney, "1.13.0", "24edc8cd2b28e1c652593833862435c80661834f6c9344e84b6a2255e7aeef03", [:rebar3], [{:certifi, "2.3.1", [hex: :certifi, repo: "hexpm", optional: false]}, {:idna, "5.1.2", [hex: :idna, repo: "hexpm", optional: false]}, {:metrics, "1.0.1", [hex: :metrics, repo: "hexpm", optional: false]}, {:mimerl, "1.0.2", [hex: :mimerl, repo: "hexpm", optional: false]}, {:ssl_verify_fun, "1.1.1", [hex: :ssl_verify_fun, repo: "hexpm", optional: false]}], "hexpm"},
  "html_sanitize_ex": {:hex, :html_sanitize_ex, "1.3.0", "f005ad692b717691203f940c686208aa3d8ffd9dd4bb3699240096a51fa9564e", [:mix], [{:mochiweb, "~> 2.15", [hex: :mochiweb, repo: "hexpm", optional: false]}], "hexpm"},
  "idna": {:hex, :idna, "5.1.2", "e21cb58a09f0228a9e0b95eaa1217f1bcfc31a1aaa6e1fdf2f53a33f7dbd9494", [:rebar3], [{:unicode_util_compat, "0.3.1", [hex: :unicode_util_compat, repo: "hexpm", optional: false]}], "hexpm"},
  "inflex": {:hex, :inflex, "1.9.0", "2bef01a84437bca0a12fc107821ae7771b0ba847dccab5d1cd61f35972e66813", [:mix], [], "hexpm"},
  "jason": {:hex, :jason, "1.1.1", "d3ccb840dfb06f2f90a6d335b536dd074db748b3e7f5b11ab61d239506585eb2", [:mix], [{:decimal, "~> 1.0", [hex: :decimal, repo: "hexpm", optional: true]}], "hexpm"},
  "metrics": {:hex, :metrics, "1.0.1", "25f094dea2cda98213cecc3aeff09e940299d950904393b2a29d191c346a8486", [:rebar3], [], "hexpm"},
  "mime": {:hex, :mime, "1.3.0", "5e8d45a39e95c650900d03f897fbf99ae04f60ab1daa4a34c7a20a5151b7a5fe", [:mix], [], "hexpm"},
  "mimerl": {:hex, :mimerl, "1.0.2", "993f9b0e084083405ed8252b99460c4f0563e41729ab42d9074fd5e52439be88", [:rebar3], [], "hexpm"},
  "mochiweb": {:hex, :mochiweb, "2.18.0", "eb55f1db3e6e960fac4e6db4e2db9ec3602cc9f30b86cd1481d56545c3145d2e", [:rebar3], [], "hexpm"},
  "parse_trans": {:hex, :parse_trans, "3.2.0", "2adfa4daf80c14dc36f522cf190eb5c4ee3e28008fc6394397c16f62a26258c2", [:rebar3], [], "hexpm"},
  "phoenix": {:hex, :phoenix, "1.3.4", "aaa1b55e5523083a877bcbe9886d9ee180bf2c8754905323493c2ac325903dc5", [:mix], [{:cowboy, "~> 1.0", [hex: :cowboy, repo: "hexpm", optional: true]}, {:phoenix_pubsub, "~> 1.0", [hex: :phoenix_pubsub, repo: "hexpm", optional: false]}, {:plug, "~> 1.3.3 or ~> 1.4", [hex: :plug, repo: "hexpm", optional: false]}, {:poison, "~> 2.2 or ~> 3.0", [hex: :poison, repo: "hexpm", optional: false]}], "hexpm"},
  "phoenix_ecto": {:hex, :phoenix_ecto, "3.4.0", "91cd39427006fe4b5588d69f0941b9c3d3d8f5e6477c563a08379de7de2b0c58", [:mix], [{:ecto, "~> 2.1", [hex: :ecto, repo: "hexpm", optional: false]}, {:phoenix_html, "~> 2.9", [hex: :phoenix_html, repo: "hexpm", optional: true]}, {:plug, "~> 1.0", [hex: :plug, repo: "hexpm", optional: false]}], "hexpm"},
  "phoenix_html": {:hex, :phoenix_html, "2.12.0", "1fb3c2e48b4b66d75564d8d63df6d53655469216d6b553e7e14ced2b46f97622", [:mix], [{:plug, "~> 1.5", [hex: :plug, repo: "hexpm", optional: false]}], "hexpm"},
  "phoenix_live_reload": {:hex, :phoenix_live_reload, "1.1.3", "1d178429fc8950b12457d09c6afec247bfe1fcb6f36209e18fbb0221bdfe4d41", [:mix], [{:file_system, "~> 0.2.1 or ~> 0.3", [hex: :file_system, repo: "hexpm", optional: false]}, {:phoenix, "~> 1.0 or ~> 1.2 or ~> 1.3", [hex: :phoenix, repo: "hexpm", optional: false]}], "hexpm"},
  "phoenix_markdown": {:hex, :phoenix_markdown, "0.1.4", "246727d998997c6b90374a678bbdca5b300dcbbfecb29dbcca8a7891751f6cd5", [:mix], [{:earmark, "~> 1.1", [hex: :earmark, repo: "hexpm", optional: false]}, {:phoenix, "~> 1.1", [hex: :phoenix, repo: "hexpm", optional: false]}, {:phoenix_html, "~> 2.3", [hex: :phoenix_html, repo: "hexpm", optional: false]}], "hexpm"},
  "phoenix_pubsub": {:hex, :phoenix_pubsub, "1.1.0", "d55e25ff1ff8ea2f9964638366dfd6e361c52dedfd50019353598d11d4441d14", [:mix], [], "hexpm"},
  "plug": {:hex, :plug, "1.6.2", "e06a7bd2bb6de5145da0dd950070110dce88045351224bd98e84edfdaaf5ffee", [:mix], [{:cowboy, "~> 1.0.1 or ~> 1.1 or ~> 2.4", [hex: :cowboy, repo: "hexpm", optional: true]}, {:mime, "~> 1.0", [hex: :mime, repo: "hexpm", optional: false]}], "hexpm"},
  "poison": {:hex, :poison, "3.1.0", "d9eb636610e096f86f25d9a46f35a9facac35609a7591b3be3326e99a0484665", [:mix], [], "hexpm"},
  "poolboy": {:hex, :poolboy, "1.5.1", "6b46163901cfd0a1b43d692657ed9d7e599853b3b21b95ae5ae0a777cf9b6ca8", [:rebar], [], "hexpm"},
  "postgrex": {:hex, :postgrex, "0.13.5", "3d931aba29363e1443da167a4b12f06dcd171103c424de15e5f3fc2ba3e6d9c5", [:mix], [{:connection, "~> 1.0", [hex: :connection, repo: "hexpm", optional: false]}, {:db_connection, "~> 1.1", [hex: :db_connection, repo: "hexpm", optional: false]}, {:decimal, "~> 1.0", [hex: :decimal, repo: "hexpm", optional: false]}], "hexpm"},
  "ranch": {:hex, :ranch, "1.3.2", "e4965a144dc9fbe70e5c077c65e73c57165416a901bd02ea899cfd95aa890986", [:rebar3], [], "hexpm"},
  "redix": {:hex, :redix, "0.6.1", "20986b0e02f02b13e6f53c79a1ae70aa83147488c408f40275ec261f5bb0a6d0", [:mix], [{:connection, "~> 1.0", [hex: :connection, repo: "hexpm", optional: false]}], "hexpm"},
  "scrivener": {:hex, :scrivener, "2.5.0", "e1f78c62b6806d91cc9c4778deef1ea4e80aa9fadfce2c16831afe0468cc8a2c", [:mix], [], "hexpm"},
  "scrivener_ecto": {:hex, :scrivener_ecto, "1.3.0", "69698428e22810ac8a47abc12d1df5b2f5d8f6b36dc5d5bfe6dd93fde857c576", [:mix], [{:ecto, "~> 2.0", [hex: :ecto, repo: "hexpm", optional: false]}, {:postgrex, "~> 0.11.0 or ~> 0.12.0 or ~> 0.13.0", [hex: :postgrex, repo: "hexpm", optional: true]}, {:scrivener, "~> 2.4", [hex: :scrivener, repo: "hexpm", optional: false]}], "hexpm"},
  "scrivener_html": {:hex, :scrivener_html, "1.7.1", "afa35128fb36184bc469e4531bb1ef61b2d91bb29e373157068c62332291485f", [:mix], [{:phoenix, "~> 1.0-pre and < 1.4.0", [hex: :phoenix, repo: "hexpm", optional: true]}, {:phoenix_html, "~> 2.2", [hex: :phoenix_html, repo: "hexpm", optional: false]}, {:plug, "~> 1.1", [hex: :plug, repo: "hexpm", optional: false]}, {:scrivener, "~> 1.2 or ~> 2.0", [hex: :scrivener, repo: "hexpm", optional: false]}], "hexpm"},
  "sentry": {:hex, :sentry, "6.4.2", "71b3cf8ce6dbf7816b8086eb8f221fd7fd71cefdbf7461094c628785cae6a67c", [:mix], [{:hackney, "~> 1.8 or 1.6.5", [hex: :hackney, repo: "hexpm", optional: false]}, {:phoenix, "~> 1.3", [hex: :phoenix, repo: "hexpm", optional: true]}, {:plug, "~> 1.6", [hex: :plug, repo: "hexpm", optional: true]}, {:poison, "~> 1.5 or ~> 2.0 or ~> 3.0", [hex: :poison, repo: "hexpm", optional: false]}], "hexpm"},
  "ssl_verify_fun": {:hex, :ssl_verify_fun, "1.1.1", "28a4d65b7f59893bc2c7de786dec1e1555bd742d336043fe644ae956c3497fbe", [:make, :rebar], [], "hexpm"},
  "timex": {:hex, :timex, "3.1.24", "d198ae9783ac807721cca0c5535384ebdf99da4976be8cefb9665a9262a1e9e3", [:mix], [{:combine, "~> 0.7", [hex: :combine, repo: "hexpm", optional: false]}, {:gettext, "~> 0.10", [hex: :gettext, repo: "hexpm", optional: false]}, {:tzdata, "~> 0.1.8 or ~> 0.5", [hex: :tzdata, repo: "hexpm", optional: false]}], "hexpm"},
  "timex_ecto": {:hex, :timex_ecto, "3.2.1", "461140751026e1ca03298fab628f78ab189e78784175f5e301eefa034ee530aa", [:mix], [{:ecto, "~> 2.2", [hex: :ecto, repo: "hexpm", optional: false]}, {:timex, "~> 3.1", [hex: :timex, repo: "hexpm", optional: false]}], "hexpm"},
  "tzdata": {:hex, :tzdata, "0.5.13", "dfd6a10c1c9ed2b4c6493e35af5da6c37058c9578b2e413d37242d6943ed07d9", [:mix], [{:hackney, "~> 1.0", [hex: :hackney, repo: "hexpm", optional: false]}], "hexpm"},
  "unicode_util_compat": {:hex, :unicode_util_compat, "0.3.1", "a1f612a7b512638634a603c8f401892afbf99b8ce93a45041f8aaca99cadb85e", [:rebar3], [], "hexpm"},
  "uuid": {:hex, :uuid, "1.1.8", "e22fc04499de0de3ed1116b770c7737779f226ceefa0badb3592e64d5cfb4eb9", [:mix], [], "hexpm"},
}
