{
  "name": "assets",
  "lockfileVersion": 3,
  "requires": true,
  "packages": {
    "": {
      "license": "MIT",
      "dependencies": {
        "asciinema-player": "3.10.0",
        "bootstrap": "^4.5.0",
        "jquery": "^3.5.1",
        "phoenix": "1.7.6",
        "phoenix_html": "3.3.1",
        "phoenix_live_view": "0.19.3",
        "popper.js": "^1.14.3"
      }
    },
    "node_modules/@babel/runtime": {
      "version": "7.27.1",
      "resolved": "https://registry.npmjs.org/@babel/runtime/-/runtime-7.27.1.tgz",
      "integrity": "sha512-1x3D2xEk2fRo3PAhwQwu5UubzgiVWSXTBfWpVd2Mx2AzRqJuDJCsgaDVZ7HB5iGzDW1Hl1sWN2mFyKjmR9uAog==",
      "license": "MIT",
      "engines": {
        "node": ">=6.9.0"
      }
    },
    "node_modules/asciinema-player": {
      "version": "3.10.0",
      "resolved": "https://registry.npmjs.org/asciinema-player/-/asciinema-player-3.10.0.tgz",
      "integrity": "sha512-shoOK6F606nDKZxDVM7JuGSCAyWLePoGRFNlV+FqiP5Sqvyn0BlE7wlbjZyd2X4P1iRhv/HKfVNtnQIxmgphRA==",
      "license": "Apache-2.0",
      "dependencies": {
        "@babel/runtime": "^7.21.0",
        "solid-js": "^1.3.0"
      }
    },
    "node_modules/bootstrap": {
      "version": "4.6.2",
      "resolved": "https://registry.npmjs.org/bootstrap/-/bootstrap-4.6.2.tgz",
      "integrity": "sha512-51Bbp/Uxr9aTuy6ca/8FbFloBUJZLHwnhTcnjIeRn2suQWsWzcuJhGjKDB5eppVte/8oCdOL3VuwxvZDUggwGQ==",
      "funding": [
        {
          "type": "github",
          "url": "https://github.com/sponsors/twbs"
        },
        {
          "type": "opencollective",
          "url": "https://opencollective.com/bootstrap"
        }
      ],
      "license": "MIT",
      "peerDependencies": {
        "jquery": "1.9.1 - 3",
        "popper.js": "^1.16.1"
      }
    },
    "node_modules/csstype": {
      "version": "3.1.3",
      "resolved": "https://registry.npmjs.org/csstype/-/csstype-3.1.3.tgz",
      "integrity": "sha512-M1uQkMl8rQK/szD0LNhtqxIPLpimGm8sOBwU7lLnCpSbTyY3yeU1Vc7l4KT5zT4s/yOxHH5O7tIuuLOCnLADRw=="
    },
    "node_modules/jquery": {
      "version": "3.5.1",
      "resolved": "https://registry.npmjs.org/jquery/-/jquery-3.5.1.tgz",
      "integrity": "sha512-XwIBPqcMn57FxfT+Go5pzySnm4KWkT1Tv7gjrpT1srtf8Weynl6R273VJ5GjkRb51IzMp5nbaPjJXMWeju2MKg=="
    },
    "node_modules/phoenix": {
      "version": "1.7.6",
      "resolved": "https://registry.npmjs.org/phoenix/-/phoenix-1.7.6.tgz",
      "integrity": "sha512-TOZmJqQaZIWDXMcRXo/qLSBcROFgfA0W/LlaJ9RpETGSYSTouGTJKw5ozR6dII6iPHpOXHagc9kV5WYO9LtTRQ=="
    },
    "node_modules/phoenix_html": {
      "version": "3.3.1",
      "resolved": "https://registry.npmjs.org/phoenix_html/-/phoenix_html-3.3.1.tgz",
      "integrity": "sha512-t/9Saqpe8vznZYHMDim7HS32Dd2/rKf3+uxuKKNRADLpGXVIDjselOY6pK8aNaLiY2gnlqsoz6yIpUBuoLT63w=="
    },
    "node_modules/phoenix_live_view": {
      "version": "0.19.3",
      "resolved": "https://registry.npmjs.org/phoenix_live_view/-/phoenix_live_view-0.19.3.tgz",
      "integrity": "sha512-naXvQmIOfpV99+g+YdIFz8I2O79R3vFRziSVuyqmZ1bemMV0TZIHAAwOhsMjoXtkvM8GmGbTrxMU8hq/atRrnw=="
    },
    "node_modules/popper.js": {
      "version": "1.16.1",
      "resolved": "https://registry.npmjs.org/popper.js/-/popper.js-1.16.1.tgz",
      "integrity": "sha512-Wb4p1J4zyFTbM+u6WuO4XstYx4Ky9Cewe4DWrel7B0w6VVICvPwdOpotjzcf6eD8TsckVnIMNONQyPIUFOUbCQ==",
      "deprecated": "You can find the new Popper v2 at @popperjs/core, this package is dedicated to the legacy v1",
      "funding": {
        "type": "opencollective",
        "url": "https://opencollective.com/popperjs"
      }
    },
    "node_modules/seroval": {
      "version": "1.0.5",
      "resolved": "https://registry.npmjs.org/seroval/-/seroval-1.0.5.tgz",
      "integrity": "sha512-TM+Z11tHHvQVQKeNlOUonOWnsNM+2IBwZ4vwoi4j3zKzIpc5IDw8WPwCfcc8F17wy6cBcJGbZbFOR0UCuTZHQA==",
      "engines": {
        "node": ">=10"
      }
    },
    "node_modules/seroval-plugins": {
      "version": "1.0.5",
      "resolved": "https://registry.npmjs.org/seroval-plugins/-/seroval-plugins-1.0.5.tgz",
      "integrity": "sha512-8+pDC1vOedPXjKG7oz8o+iiHrtF2WswaMQJ7CKFpccvSYfrzmvKY9zOJWCg+881722wIHfwkdnRmiiDm9ym+zQ==",
      "engines": {
        "node": ">=10"
      },
      "peerDependencies": {
        "seroval": "^1.0"
      }
    },
    "node_modules/solid-js": {
      "version": "1.8.16",
      "resolved": "https://registry.npmjs.org/solid-js/-/solid-js-1.8.16.tgz",
      "integrity": "sha512-rja94MNU9flF3qQRLNsu60QHKBDKBkVE1DldJZPIfn2ypIn3NV2WpSbGTQIvsyGPBo+9E2IMjwqnqpbgfWuzeg==",
      "dependencies": {
        "csstype": "^3.1.0",
        "seroval": "^1.0.4",
        "seroval-plugins": "^1.0.3"
      }
    }
  }
}
