{
  "name": "assets",
  "lockfileVersion": 3,
  "requires": true,
  "packages": {
    "": {
      "license": "MIT",
      "dependencies": {
        "asciinema-player": "3.16.0-rc.1",
        "phoenix": "1.7.21",
        "phoenix_html": "3.3.4",
        "phoenix_live_view": "0.19.3"
      }
    },
    "node_modules/@babel/runtime": {
      "version": "7.28.4",
      "resolved": "https://registry.npmjs.org/@babel/runtime/-/runtime-7.28.4.tgz",
      "integrity": "sha512-Q/N6JNWvIvPnLDvjlE1OUBLPQHH6l3CltCEsHIujp45zQUSSh8K+gHnaEX45yAT1nyngnINhvWtzN+Nb9D8RAQ==",
      "license": "MIT",
      "engines": {
        "node": ">=6.9.0"
      }
    },
    "node_modules/@solid-primitives/refs": {
      "version": "1.1.2",
      "resolved": "https://registry.npmjs.org/@solid-primitives/refs/-/refs-1.1.2.tgz",
      "integrity": "sha512-K7tf2thy7L+YJjdqXspXOg5xvNEOH8tgEWsp0+1mQk3obHBRD6hEjYZk7p7FlJphSZImS35je3UfmWuD7MhDfg==",
      "license": "MIT",
      "dependencies": {
        "@solid-primitives/utils": "^6.3.2"
      },
      "peerDependencies": {
        "solid-js": "^1.6.12"
      }
    },
    "node_modules/@solid-primitives/transition-group": {
      "version": "1.1.2",
      "resolved": "https://registry.npmjs.org/@solid-primitives/transition-group/-/transition-group-1.1.2.tgz",
      "integrity": "sha512-gnHS0OmcdjeoHN9n7Khu8KNrOlRc8a2weETDt2YT6o1zeW/XtUC6Db3Q9pkMU/9cCKdEmN4b0a/41MKAHRhzWA==",
      "license": "MIT",
      "peerDependencies": {
        "solid-js": "^1.6.12"
      }
    },
    "node_modules/@solid-primitives/utils": {
      "version": "6.3.2",
      "resolved": "https://registry.npmjs.org/@solid-primitives/utils/-/utils-6.3.2.tgz",
      "integrity": "sha512-hZ/M/qr25QOCcwDPOHtGjxTD8w2mNyVAYvcfgwzBHq2RwNqHNdDNsMZYap20+ruRwW4A3Cdkczyoz0TSxLCAPQ==",
      "license": "MIT",
      "peerDependencies": {
        "solid-js": "^1.6.12"
      }
    },
    "node_modules/asciinema-player": {
      "version": "3.16.0-rc.1",
      "resolved": "https://registry.npmjs.org/asciinema-player/-/asciinema-player-3.16.0-rc.1.tgz",
      "integrity": "sha512-XBzlIC5UbaZFXCZLCXUgWUqvYUo1daxN+H3Vs3RziGp7G2C8eTDikThqWxN5RT+nOPREvzl+PwVRZNOeTtg5bQ==",
      "license": "Apache-2.0",
      "dependencies": {
        "@babel/runtime": "^7.21.0",
        "solid-js": "^1.3.0",
        "solid-transition-group": "^0.2.3"
      }
    },
    "node_modules/csstype": {
      "version": "3.2.3",
      "resolved": "https://registry.npmjs.org/csstype/-/csstype-3.2.3.tgz",
      "integrity": "sha512-z1HGKcYy2xA8AGQfwrn0PAy+PB7X/GSj3UVJW9qKyn43xWa+gl5nXmU4qqLMRzWVLFC8KusUX8T/0kCiOYpAIQ==",
      "license": "MIT"
    },
    "node_modules/phoenix": {
      "version": "1.7.21",
      "resolved": "https://registry.npmjs.org/phoenix/-/phoenix-1.7.21.tgz",
      "integrity": "sha512-8wOvJ8pQXRxNbyFlMI+wQhK3bvX4Ps3FtUX2+0cV6lkcebe9VTIl+xS60FLAeaPieFg80djor5z/AKofnwqAUw==",
      "license": "MIT"
    },
    "node_modules/phoenix_html": {
      "version": "3.3.4",
      "resolved": "https://registry.npmjs.org/phoenix_html/-/phoenix_html-3.3.4.tgz",
      "integrity": "sha512-IkKAeP4sAuFzwtSSUbSNP/nL0H6WHcHfpe+/F7wOzyjYtijkAO2wTH8maA7vpTRhUBU5Dck5V8SEEhDuUy1mMA=="
    },
    "node_modules/phoenix_live_view": {
      "version": "0.19.3",
      "resolved": "https://registry.npmjs.org/phoenix_live_view/-/phoenix_live_view-0.19.3.tgz",
      "integrity": "sha512-naXvQmIOfpV99+g+YdIFz8I2O79R3vFRziSVuyqmZ1bemMV0TZIHAAwOhsMjoXtkvM8GmGbTrxMU8hq/atRrnw=="
    },
    "node_modules/seroval": {
      "version": "1.3.2",
      "resolved": "https://registry.npmjs.org/seroval/-/seroval-1.3.2.tgz",
      "integrity": "sha512-RbcPH1n5cfwKrru7v7+zrZvjLurgHhGyso3HTyGtRivGWgYjbOmGuivCQaORNELjNONoK35nj28EoWul9sb1zQ==",
      "license": "MIT",
      "engines": {
        "node": ">=10"
      }
    },
    "node_modules/seroval-plugins": {
      "version": "1.3.3",
      "resolved": "https://registry.npmjs.org/seroval-plugins/-/seroval-plugins-1.3.3.tgz",
      "integrity": "sha512-16OL3NnUBw8JG1jBLUoZJsLnQq0n5Ua6aHalhJK4fMQkz1lqR7Osz1sA30trBtd9VUDc2NgkuRCn8+/pBwqZ+w==",
      "license": "MIT",
      "engines": {
        "node": ">=10"
      },
      "peerDependencies": {
        "seroval": "^1.0"
      }
    },
    "node_modules/solid-js": {
      "version": "1.9.10",
      "resolved": "https://registry.npmjs.org/solid-js/-/solid-js-1.9.10.tgz",
      "integrity": "sha512-Coz956cos/EPDlhs6+jsdTxKuJDPT7B5SVIWgABwROyxjY7Xbr8wkzD68Et+NxnV7DLJ3nJdAC2r9InuV/4Jew==",
      "license": "MIT",
      "dependencies": {
        "csstype": "^3.1.0",
        "seroval": "~1.3.0",
        "seroval-plugins": "~1.3.0"
      }
    },
    "node_modules/solid-transition-group": {
      "version": "0.2.3",
      "resolved": "https://registry.npmjs.org/solid-transition-group/-/solid-transition-group-0.2.3.tgz",
      "integrity": "sha512-iB72c9N5Kz9ykRqIXl0lQohOau4t0dhel9kjwFvx81UZJbVwaChMuBuyhiZmK24b8aKEK0w3uFM96ZxzcyZGdg==",
      "license": "MIT",
      "dependencies": {
        "@solid-primitives/refs": "^1.0.5",
        "@solid-primitives/transition-group": "^1.0.2"
      },
      "engines": {
        "node": ">=18.0.0",
        "pnpm": ">=8.6.0"
      },
      "peerDependencies": {
        "solid-js": "^1.6.12"
      }
    }
  }
}
